github.com/PatriciaHudakova/DiceLibrary v0.0.0-20210313184817-3b3b03ccac13 h1:w5Ietw5hNL2+kAy2F3lmC3q5laxDmjJDJiVpnqgfP2E=
github.com/PatriciaHudakova/DiceLibrary v0.0.0-20210313184817-3b3b03ccac13/go.mod h1:rvKy03XKyQ+4ng0eHgqyZ5ZdW5wzfTbcMLcKHXScB9M=
github.com/PatriciaHudakova/DiceLibrary v0.0.0-20210405174403-baa62bb0f7ca h1:5QJfLSdj1K/jGW53FW9frjtopCqrFq5iw1LuJ9L2KMk=
github.com/PatriciaHudakova/DiceLibrary v0.0.0-20210405174403-baa62bb0f7ca/go.mod h1:qwfWRaVLt+K0S1LZWkCSw/JEnPmZH9RVs99dCecHMeo=
